{
    "version": 3,
    "terraform_version": "0.9.1",
    "serial": 0,
    "lineage": "96225a83-e2d9-48f0-a2cb-63d52cbbecf4",
    "modules": [
        {
            "path": [
                "root"
            ],
            "outputs": {},
            "resources": {
                "generic_shell.test": {
                    "type": "generic_shell",
                    "depends_on": [],
                    "primary": {
                        "id": "5577006791947779410",
                        "attributes": {
                            "id": "5577006791947779410",
                            "ignore_errors": "false",
                            "inline.#": "2",
                            "inline.0": "#!/usr/bin/env bash",
                            "inline.1": "echo a \u003e test",
                            "phase": "create",
                            "trigger.%": "1",
                            "trigger.a": "1"
                        },
                        "meta": {},
                        "tainted": false
                    },
                    "deposed": [],
                    "provider": ""
                },
                "generic_shell.test1": {
                    "type": "generic_shell",
                    "depends_on": [],
                    "primary": {
                        "id": "8674665223082153551",
                        "attributes": {
                            "id": "8674665223082153551",
                            "ignore_errors": "false",
                            "inline.#": "1",
                            "inline.0": "rm test",
                            "phase": "destroy"
                        },
                        "meta": {},
                        "tainted": false
                    },
                    "deposed": [],
                    "provider": ""
                }
            },
            "depends_on": []
        }
    ]
}
